
Microsoft Visual Studio Solution File, Format Version 12.00
# Visual Studio 14
VisualStudioVersion = 14.0.25420.1
MinimumVisualStudioVersion = 10.0.40219.1
Project("{FAE04EC0-301F-11D3-BF4B-00C04F79EFBC}") = "Dialog.AccountsHandling", "Dialog.AccountsHandling\Dialog.AccountsHandling.csproj", "{CCD3F185-26C2-43C3-AC70-F5A89297F678}"
EndProject
Project("{FAE04EC0-301F-11D3-BF4B-00C04F79EFBC}") = "Dialog.DTOs", "..\..\Dialog.Common\Dialog.DTOs\Dialog.DTOs\Dialog.DTOs.csproj", "{D188611D-A856-4E67-AE9B-2B0C8093699D}"
EndProject
Global
	GlobalSection(SolutionConfigurationPlatforms) = preSolution
		Debug|Any CPU = Debug|Any CPU
		Release|Any CPU = Release|Any CPU
	EndGlobalSection
	GlobalSection(ProjectConfigurationPlatforms) = postSolution
		{CCD3F185-26C2-43C3-AC70-F5A89297F678}.Debug|Any CPU.ActiveCfg = Debug|Any CPU
		{CCD3F185-26C2-43C3-AC70-F5A89297F678}.Debug|Any CPU.Build.0 = Debug|Any CPU
		{CCD3F185-26C2-43C3-AC70-F5A89297F678}.Release|Any CPU.ActiveCfg = Release|Any CPU
		{CCD3F185-26C2-43C3-AC70-F5A89297F678}.Release|Any CPU.Build.0 = Release|Any CPU
		{D188611D-A856-4E67-AE9B-2B0C8093699D}.Debug|Any CPU.ActiveCfg = Debug|Any CPU
		{D188611D-A856-4E67-AE9B-2B0C8093699D}.Debug|Any CPU.Build.0 = Debug|Any CPU
		{D188611D-A856-4E67-AE9B-2B0C8093699D}.Release|Any CPU.ActiveCfg = Release|Any CPU
		{D188611D-A856-4E67-AE9B-2B0C8093699D}.Release|Any CPU.Build.0 = Release|Any CPU
	EndGlobalSection
	GlobalSection(SolutionProperties) = preSolution
		HideSolutionNode = FALSE
	EndGlobalSection
EndGlobal
