
Microsoft Visual Studio Solution File, Format Version 12.00
# Visual Studio 14
VisualStudioVersion = 14.0.25420.1
MinimumVisualStudioVersion = 10.0.40219.1
Project("{FAE04EC0-301F-11D3-BF4B-00C04F79EFBC}") = "DataBase", "DataBase\DataBase.csproj", "{BD91465C-8E10-4616-8CB7-599651683715}"
EndProject
Project("{FAE04EC0-301F-11D3-BF4B-00C04F79EFBC}") = "Data", "Data\Data.csproj", "{9135745F-7FE2-4BB7-A547-B02D38DBBCB3}"
EndProject
Project("{FAE04EC0-301F-11D3-BF4B-00C04F79EFBC}") = "WebApi", "WebApi\WebApi.csproj", "{98956285-7885-40E7-BA0E-C21171561F75}"
EndProject
Project("{FAE04EC0-301F-11D3-BF4B-00C04F79EFBC}") = "WebApi.Tests", "WebApi.Tests\WebApi.Tests.csproj", "{1C825FCB-DC3E-4711-B9D0-37E9A9ED2449}"
EndProject
Project("{FAE04EC0-301F-11D3-BF4B-00C04F79EFBC}") = "Data.Tests", "Data.Tests\Data.Tests.csproj", "{826B551D-4726-4552-AC1B-1358AC51D640}"
EndProject
Project("{FAE04EC0-301F-11D3-BF4B-00C04F79EFBC}") = "Business", "Business\Business.csproj", "{53950521-CDDC-4284-9DE1-69D11A1EA277}"
EndProject
Project("{FAE04EC0-301F-11D3-BF4B-00C04F79EFBC}") = "Business.Tests", "Business.Tests\Business.Tests.csproj", "{7A4D21E0-0CB1-4ED5-A518-DAFBF298881D}"
EndProject
Project("{FAE04EC0-301F-11D3-BF4B-00C04F79EFBC}") = "DTOs", "DTOs\DTOs.csproj", "{F56599EB-3227-4240-98E0-7310EC249915}"
EndProject
Project("{FAE04EC0-301F-11D3-BF4B-00C04F79EFBC}") = "ConsoleApplication1", "ConsoleApplication1\ConsoleApplication1.csproj", "{14F942D4-D83F-41A5-95DD-0DB9762D8039}"
EndProject
Global
	GlobalSection(SolutionConfigurationPlatforms) = preSolution
		Debug|Any CPU = Debug|Any CPU
		Release|Any CPU = Release|Any CPU
	EndGlobalSection
	GlobalSection(ProjectConfigurationPlatforms) = postSolution
		{BD91465C-8E10-4616-8CB7-599651683715}.Debug|Any CPU.ActiveCfg = Debug|Any CPU
		{BD91465C-8E10-4616-8CB7-599651683715}.Debug|Any CPU.Build.0 = Debug|Any CPU
		{BD91465C-8E10-4616-8CB7-599651683715}.Release|Any CPU.ActiveCfg = Release|Any CPU
		{BD91465C-8E10-4616-8CB7-599651683715}.Release|Any CPU.Build.0 = Release|Any CPU
		{9135745F-7FE2-4BB7-A547-B02D38DBBCB3}.Debug|Any CPU.ActiveCfg = Debug|Any CPU
		{9135745F-7FE2-4BB7-A547-B02D38DBBCB3}.Debug|Any CPU.Build.0 = Debug|Any CPU
		{9135745F-7FE2-4BB7-A547-B02D38DBBCB3}.Release|Any CPU.ActiveCfg = Release|Any CPU
		{9135745F-7FE2-4BB7-A547-B02D38DBBCB3}.Release|Any CPU.Build.0 = Release|Any CPU
		{98956285-7885-40E7-BA0E-C21171561F75}.Debug|Any CPU.ActiveCfg = Debug|Any CPU
		{98956285-7885-40E7-BA0E-C21171561F75}.Debug|Any CPU.Build.0 = Debug|Any CPU
		{98956285-7885-40E7-BA0E-C21171561F75}.Release|Any CPU.ActiveCfg = Release|Any CPU
		{98956285-7885-40E7-BA0E-C21171561F75}.Release|Any CPU.Build.0 = Release|Any CPU
		{1C825FCB-DC3E-4711-B9D0-37E9A9ED2449}.Debug|Any CPU.ActiveCfg = Debug|Any CPU
		{1C825FCB-DC3E-4711-B9D0-37E9A9ED2449}.Debug|Any CPU.Build.0 = Debug|Any CPU
		{1C825FCB-DC3E-4711-B9D0-37E9A9ED2449}.Release|Any CPU.ActiveCfg = Release|Any CPU
		{1C825FCB-DC3E-4711-B9D0-37E9A9ED2449}.Release|Any CPU.Build.0 = Release|Any CPU
		{826B551D-4726-4552-AC1B-1358AC51D640}.Debug|Any CPU.ActiveCfg = Debug|Any CPU
		{826B551D-4726-4552-AC1B-1358AC51D640}.Debug|Any CPU.Build.0 = Debug|Any CPU
		{826B551D-4726-4552-AC1B-1358AC51D640}.Release|Any CPU.ActiveCfg = Release|Any CPU
		{826B551D-4726-4552-AC1B-1358AC51D640}.Release|Any CPU.Build.0 = Release|Any CPU
		{53950521-CDDC-4284-9DE1-69D11A1EA277}.Debug|Any CPU.ActiveCfg = Debug|Any CPU
		{53950521-CDDC-4284-9DE1-69D11A1EA277}.Debug|Any CPU.Build.0 = Debug|Any CPU
		{53950521-CDDC-4284-9DE1-69D11A1EA277}.Release|Any CPU.ActiveCfg = Release|Any CPU
		{53950521-CDDC-4284-9DE1-69D11A1EA277}.Release|Any CPU.Build.0 = Release|Any CPU
		{7A4D21E0-0CB1-4ED5-A518-DAFBF298881D}.Debug|Any CPU.ActiveCfg = Debug|Any CPU
		{7A4D21E0-0CB1-4ED5-A518-DAFBF298881D}.Debug|Any CPU.Build.0 = Debug|Any CPU
		{7A4D21E0-0CB1-4ED5-A518-DAFBF298881D}.Release|Any CPU.ActiveCfg = Release|Any CPU
		{7A4D21E0-0CB1-4ED5-A518-DAFBF298881D}.Release|Any CPU.Build.0 = Release|Any CPU
		{F56599EB-3227-4240-98E0-7310EC249915}.Debug|Any CPU.ActiveCfg = Debug|Any CPU
		{F56599EB-3227-4240-98E0-7310EC249915}.Debug|Any CPU.Build.0 = Debug|Any CPU
		{F56599EB-3227-4240-98E0-7310EC249915}.Release|Any CPU.ActiveCfg = Release|Any CPU
		{F56599EB-3227-4240-98E0-7310EC249915}.Release|Any CPU.Build.0 = Release|Any CPU
		{14F942D4-D83F-41A5-95DD-0DB9762D8039}.Debug|Any CPU.ActiveCfg = Debug|Any CPU
		{14F942D4-D83F-41A5-95DD-0DB9762D8039}.Debug|Any CPU.Build.0 = Debug|Any CPU
		{14F942D4-D83F-41A5-95DD-0DB9762D8039}.Release|Any CPU.ActiveCfg = Release|Any CPU
		{14F942D4-D83F-41A5-95DD-0DB9762D8039}.Release|Any CPU.Build.0 = Release|Any CPU
	EndGlobalSection
	GlobalSection(SolutionProperties) = preSolution
		HideSolutionNode = FALSE
	EndGlobalSection
EndGlobal
